// !$*UTF8*$!
{
	archiveVersion = 1;
	classes = {
	};
	objectVersion = 77;
	objects = {

/* Begin PBXBuildFile section */
		285A4DA52EEBBF2500278A0D /* ShareViewController.swift in Sources */ = {isa = PBXBuildFile; fileRef = 285A4DA32EEBBF2500278A0D /* ShareViewController.swift */; };
		285A4DB12EEBBF2500278A0D /* ScamShieldShare.appex in Embed Foundation Extensions */ = {isa = PBXBuildFile; fileRef = 285A4DA12EEBBF2500278A0D /* ScamShieldShare.appex */; settings = {ATTRIBUTES = (RemoveHeadersOnCopy, ); }; };
		285A4DC02EECAA0000278A0D /* ScamShieldWidget.swift in Sources */ = {isa = PBXBuildFile; fileRef = 285A4DBE2EECAA0000278A0D /* ScamShieldWidget.swift */; };
		285A4DC32EECAA0000278A0D /* ScamShieldWidgetExtension.appex in Embed Foundation Extensions */ = {isa = PBXBuildFile; fileRef = 285A4DBC2EECAA0000278A0D /* ScamShieldWidgetExtension.appex */; settings = {ATTRIBUTES = (RemoveHeadersOnCopy, ); }; };
/* End PBXBuildFile section */

/* Begin PBXContainerItemProxy section */
		285A4DAE2EEBBF2500278A0D /* PBXContainerItemProxy */ = {
			isa = PBXContainerItemProxy;
			containerPortal = 285A4D892EEBBF2300278A0D /* Project object */;
			proxyType = 1;
			remoteGlobalIDString = 285A4DAA2EEBBF2500278A0D;
			remoteInfo = ScamShieldShare;
		};
		285A4DC12EECAA0000278A0D /* PBXContainerItemProxy */ = {
			isa = PBXContainerItemProxy;
			containerPortal = 285A4D892EEBBF2300278A0D /* Project object */;
			proxyType = 1;
			remoteGlobalIDString = 285A4DBB2EECAA0000278A0D;
			remoteInfo = ScamShieldWidgetExtension;
		};
/* End PBXContainerItemProxy section */

/* Begin PBXCopyFilesBuildPhase section */
		285A4DB02EEBBF2500278A0D /* Embed Foundation Extensions */ = {
			isa = PBXCopyFilesBuildPhase;
			buildActionMask = 2147483647;
			dstPath = "";
			dstSubfolderSpec = 13;
			files = (
				285A4DB12EEBBF2500278A0D /* ScamShieldShare.appex in Embed Foundation Extensions */,
				285A4DC32EECAA0000278A0D /* ScamShieldWidgetExtension.appex in Embed Foundation Extensions */,
			);
			name = "Embed Foundation Extensions";
			runOnlyForDeploymentPostprocessing = 0;
		};
/* End PBXCopyFilesBuildPhase section */

/* Begin PBXFileReference section */
		285A4D912EEBBF2300278A0D /* ScamShield.app */ = {isa = PBXFileReference; explicitFileType = wrapper.application; includeInIndex = 0; path = ScamShield.app; sourceTree = BUILT_PRODUCTS_DIR; };
		285A4DA12EEBBF2500278A0D /* ScamShieldShare.appex */ = {isa = PBXFileReference; explicitFileType = "wrapper.app-extension"; includeInIndex = 0; path = ScamShieldShare.appex; sourceTree = BUILT_PRODUCTS_DIR; };
		285A4DA32EEBBF2500278A0D /* ShareViewController.swift */ = {isa = PBXFileReference; lastKnownFileType = sourcecode.swift; path = ShareViewController.swift; sourceTree = "<group>"; };
		285A4DA42EEBBF2500278A0D /* Info.plist */ = {isa = PBXFileReference; lastKnownFileType = text.plist.xml; path = Info.plist; sourceTree = "<group>"; };
		285A4DBC2EECAA0000278A0D /* ScamShieldWidgetExtension.appex */ = {isa = PBXFileReference; explicitFileType = "wrapper.app-extension"; includeInIndex = 0; path = ScamShieldWidgetExtension.appex; sourceTree = BUILT_PRODUCTS_DIR; };
		285A4DBE2EECAA0000278A0D /* ScamShieldWidget.swift */ = {isa = PBXFileReference; lastKnownFileType = sourcecode.swift; path = ScamShieldWidget.swift; sourceTree = "<group>"; };
		285A4DBF2EECAA0000278A0D /* Info.plist */ = {isa = PBXFileReference; lastKnownFileType = text.plist.xml; path = Info.plist; sourceTree = "<group>"; };
/* End PBXFileReference section */

/* Begin PBXFileSystemSynchronizedRootGroup section */
		285A4D932EEBBF2300278A0D /* ScamShield */ = {
			isa = PBXFileSystemSynchronizedRootGroup;
			path = ScamShield;
			sourceTree = "<group>";
		};
/* End PBXFileSystemSynchronizedRootGroup section */

/* Begin PBXFrameworksBuildPhase section */
		285A4D8E2EEBBF2300278A0D /* Frameworks */ = {
			isa = PBXFrameworksBuildPhase;
			buildActionMask = 2147483647;
			files = (
			);
			runOnlyForDeploymentPostprocessing = 0;
		};
		285A4DA82EEBBF2500278A0D /* Frameworks */ = {
			isa = PBXFrameworksBuildPhase;
			buildActionMask = 2147483647;
			files = (
			);
			runOnlyForDeploymentPostprocessing = 0;
		};
		285A4DB82EECAA0000278A0D /* Frameworks */ = {
			isa = PBXFrameworksBuildPhase;
			buildActionMask = 2147483647;
			files = (
			);
			runOnlyForDeploymentPostprocessing = 0;
		};
/* End PBXFrameworksBuildPhase section */

/* Begin PBXGroup section */
		285A4D882EEBBF2300278A0D = {
			isa = PBXGroup;
			children = (
				285A4D932EEBBF2300278A0D /* ScamShield */,
				285A4DA22EEBBF2500278A0D /* ScamShieldShare */,
				285A4DBD2EECAA0000278A0D /* ScamShieldWidget */,
				285A4D922EEBBF2300278A0D /* Products */,
			);
			sourceTree = "<group>";
		};
		285A4D922EEBBF2300278A0D /* Products */ = {
			isa = PBXGroup;
			children = (
				285A4D912EEBBF2300278A0D /* ScamShield.app */,
				285A4DA12EEBBF2500278A0D /* ScamShieldShare.appex */,
				285A4DBC2EECAA0000278A0D /* ScamShieldWidgetExtension.appex */,
			);
			name = Products;
			sourceTree = "<group>";
		};
		285A4DA22EEBBF2500278A0D /* ScamShieldShare */ = {
			isa = PBXGroup;
			children = (
				285A4DA32EEBBF2500278A0D /* ShareViewController.swift */,
				285A4DA42EEBBF2500278A0D /* Info.plist */,
			);
			path = ScamShieldShare;
			sourceTree = "<group>";
		};
		285A4DBD2EECAA0000278A0D /* ScamShieldWidget */ = {
			isa = PBXGroup;
			children = (
				285A4DBE2EECAA0000278A0D /* ScamShieldWidget.swift */,
				285A4DBF2EECAA0000278A0D /* Info.plist */,
			);
			path = ScamShieldWidget;
			sourceTree = "<group>";
		};
/* End PBXGroup section */

/* Begin PBXNativeTarget section */
		285A4D902EEBBF2300278A0D /* ScamShield */ = {
			isa = PBXNativeTarget;
			buildConfigurationList = 285A4D9C2EEBBF2500278A0D /* Build configuration list for PBXNativeTarget "ScamShield" */;
			buildPhases = (
				285A4D8D2EEBBF2300278A0D /* Sources */,
				285A4D8E2EEBBF2300278A0D /* Frameworks */,
				285A4D8F2EEBBF2300278A0D /* Resources */,
				285A4DB02EEBBF2500278A0D /* Embed Foundation Extensions */,
			);
			buildRules = (
			);
			dependencies = (
				285A4DAF2EEBBF2500278A0D /* PBXTargetDependency */,
				285A4DC22EECAA0000278A0D /* PBXTargetDependency */,
			);
			fileSystemSynchronizedGroups = (
				285A4D932EEBBF2300278A0D /* ScamShield */,
			);
			name = ScamShield;
			packageProductDependencies = (
			);
			productName = ScamShield;
			productReference = 285A4D912EEBBF2300278A0D /* ScamShield.app */;
			productType = "com.apple.product-type.application";
		};
		285A4DAA2EEBBF2500278A0D /* ScamShieldShare */ = {
			isa = PBXNativeTarget;
			buildConfigurationList = 285A4DAD2EEBBF2500278A0D /* Build configuration list for PBXNativeTarget "ScamShieldShare" */;
			buildPhases = (
				285A4DA72EEBBF2500278A0D /* Sources */,
				285A4DA82EEBBF2500278A0D /* Frameworks */,
				285A4DA92EEBBF2500278A0D /* Resources */,
			);
			buildRules = (
			);
			dependencies = (
			);
			name = ScamShieldShare;
			packageProductDependencies = (
			);
			productName = ScamShieldShare;
			productReference = 285A4DA12EEBBF2500278A0D /* ScamShieldShare.appex */;
			productType = "com.apple.product-type.app-extension";
		};
		285A4DBB2EECAA0000278A0D /* ScamShieldWidgetExtension */ = {
			isa = PBXNativeTarget;
			buildConfigurationList = 285A4DC42EECAA0000278A0D /* Build configuration list for PBXNativeTarget "ScamShieldWidgetExtension" */;
			buildPhases = (
				285A4DB72EECAA0000278A0D /* Sources */,
				285A4DB82EECAA0000278A0D /* Frameworks */,
				285A4DB92EECAA0000278A0D /* Resources */,
			);
			buildRules = (
			);
			dependencies = (
			);
			name = ScamShieldWidgetExtension;
			packageProductDependencies = (
			);
			productName = ScamShieldWidgetExtension;
			productReference = 285A4DBC2EECAA0000278A0D /* ScamShieldWidgetExtension.appex */;
			productType = "com.apple.product-type.app-extension";
		};
/* End PBXNativeTarget section */

/* Begin PBXProject section */
		285A4D892EEBBF2300278A0D /* Project object */ = {
			isa = PBXProject;
			attributes = {
				BuildIndependentTargetsInParallel = 1;
				LastSwiftUpdateCheck = 2610;
				LastUpgradeCheck = 2610;
				TargetAttributes = {
					285A4D902EEBBF2300278A0D = {
						CreatedOnToolsVersion = 26.1.1;
					};
					285A4DAA2EEBBF2500278A0D = {
						CreatedOnToolsVersion = 26.1.1;
					};
					285A4DBB2EECAA0000278A0D = {
						CreatedOnToolsVersion = 26.1.1;
					};
				};
			};
			buildConfigurationList = 285A4D8C2EEBBF2300278A0D /* Build configuration list for PBXProject "ScamShield" */;
			developmentRegion = en;
			hasScannedForEncodings = 0;
			knownRegions = (
				en,
				Base,
			);
			mainGroup = 285A4D882EEBBF2300278A0D;
			minimizedProjectReferenceProxies = 1;
			preferredProjectObjectVersion = 77;
			productRefGroup = 285A4D922EEBBF2300278A0D /* Products */;
			projectDirPath = "";
			projectRoot = "";
			targets = (
				285A4D902EEBBF2300278A0D /* ScamShield */,
				285A4DAA2EEBBF2500278A0D /* ScamShieldShare */,
				285A4DBB2EECAA0000278A0D /* ScamShieldWidgetExtension */,
			);
		};
/* End PBXProject section */

/* Begin PBXResourcesBuildPhase section */
		285A4D8F2EEBBF2300278A0D /* Resources */ = {
			isa = PBXResourcesBuildPhase;
			buildActionMask = 2147483647;
			files = (
			);
			runOnlyForDeploymentPostprocessing = 0;
		};
		285A4DA92EEBBF2500278A0D /* Resources */ = {
			isa = PBXResourcesBuildPhase;
			buildActionMask = 2147483647;
			files = (
			);
			runOnlyForDeploymentPostprocessing = 0;
		};
		285A4DB92EECAA0000278A0D /* Resources */ = {
			isa = PBXResourcesBuildPhase;
			buildActionMask = 2147483647;
			files = (
			);
			runOnlyForDeploymentPostprocessing = 0;
		};
/* End PBXResourcesBuildPhase section */

/* Begin PBXSourcesBuildPhase section */
		285A4D8D2EEBBF2300278A0D /* Sources */ = {
			isa = PBXSourcesBuildPhase;
			buildActionMask = 2147483647;
			files = (
			);
			runOnlyForDeploymentPostprocessing = 0;
		};
		285A4DA72EEBBF2500278A0D /* Sources */ = {
			isa = PBXSourcesBuildPhase;
			buildActionMask = 2147483647;
			files = (
				285A4DA52EEBBF2500278A0D /* ShareViewController.swift in Sources */,
			);
			runOnlyForDeploymentPostprocessing = 0;
		};
		285A4DB72EECAA0000278A0D /* Sources */ = {
			isa = PBXSourcesBuildPhase;
			buildActionMask = 2147483647;
			files = (
				285A4DC02EECAA0000278A0D /* ScamShieldWidget.swift in Sources */,
			);
			runOnlyForDeploymentPostprocessing = 0;
		};
/* End PBXSourcesBuildPhase section */

/* Begin PBXTargetDependency section */
		285A4DAF2EEBBF2500278A0D /* PBXTargetDependency */ = {
			isa = PBXTargetDependency;
			target = 285A4DAA2EEBBF2500278A0D /* ScamShieldShare */;
			targetProxy = 285A4DAE2EEBBF2500278A0D /* PBXContainerItemProxy */;
		};
		285A4DC22EECAA0000278A0D /* PBXTargetDependency */ = {
			isa = PBXTargetDependency;
			target = 285A4DBB2EECAA0000278A0D /* ScamShieldWidgetExtension */;
			targetProxy = 285A4DC12EECAA0000278A0D /* PBXContainerItemProxy */;
		};
/* End PBXTargetDependency section */

/* Begin XCBuildConfiguration section */
		285A4D9A2EEBBF2500278A0D /* Debug */ = {
			isa = XCBuildConfiguration;
			buildSettings = {
				ALWAYS_SEARCH_USER_PATHS = NO;
				ASSETCATALOG_COMPILER_GENERATE_SWIFT_ASSET_SYMBOL_EXTENSIONS = YES;
				CLANG_ANALYZER_NONNULL = YES;
				CLANG_ANALYZER_NUMBER_OBJECT_CONVERSION = YES_AGGRESSIVE;
				CLANG_CXX_LANGUAGE_STANDARD = "gnu++20";
				CLANG_ENABLE_MODULES = YES;
				CLANG_ENABLE_OBJC_ARC = YES;
				CLANG_ENABLE_OBJC_WEAK = YES;
				CLANG_WARN_BLOCK_CAPTURE_AUTORELEASING = YES;
				CLANG_WARN_BOOL_CONVERSION = YES;
				CLANG_WARN_COMMA = YES;
				CLANG_WARN_CONSTANT_CONVERSION = YES;
				CLANG_WARN_DEPRECATED_OBJC_IMPLEMENTATIONS = YES;
				CLANG_WARN_DIRECT_OBJC_ISA_USAGE = YES_ERROR;
				CLANG_WARN_DOCUMENTATION_COMMENTS = YES;
				CLANG_WARN_EMPTY_BODY = YES;
				CLANG_WARN_ENUM_CONVERSION = YES;
				CLANG_WARN_INFINITE_RECURSION = YES;
				CLANG_WARN_INT_CONVERSION = YES;
				CLANG_WARN_NON_LITERAL_NULL_CONVERSION = YES;
				CLANG_WARN_OBJC_IMPLICIT_RETAIN_SELF = YES;
				CLANG_WARN_OBJC_LITERAL_CONVERSION = YES;
				CLANG_WARN_OBJC_ROOT_CLASS = YES_ERROR;
				CLANG_WARN_QUOTED_INCLUDE_IN_FRAMEWORK_HEADER = YES;
				CLANG_WARN_RANGE_LOOP_ANALYSIS = YES;
				CLANG_WARN_STRICT_PROTOTYPES = YES;
				CLANG_WARN_SUSPICIOUS_MOVE = YES;
				CLANG_WARN_UNGUARDED_AVAILABILITY = YES_AGGRESSIVE;
				CLANG_WARN_UNREACHABLE_CODE = YES;
				CLANG_WARN__DUPLICATE_METHOD_MATCH = YES;
				COPY_PHASE_STRIP = NO;
				DEBUG_INFORMATION_FORMAT = dwarf;
				ENABLE_STRICT_OBJC_MSGSEND = YES;
				ENABLE_TESTABILITY = YES;
				ENABLE_USER_SCRIPT_SANDBOXING = YES;
				GCC_C_LANGUAGE_STANDARD = gnu17;
				GCC_DYNAMIC_NO_PIC = NO;
				GCC_NO_COMMON_BLOCKS = YES;
				GCC_OPTIMIZATION_LEVEL = 0;
				GCC_PREPROCESSOR_DEFINITIONS = (
					"DEBUG=1",
					"$(inherited)",
				);
				GCC_WARN_64_TO_32_BIT_CONVERSION = YES;
				GCC_WARN_ABOUT_RETURN_TYPE = YES_ERROR;
				GCC_WARN_UNDECLARED_SELECTOR = YES;
				GCC_WARN_UNINITIALIZED_AUTOS = YES_AGGRESSIVE;
				GCC_WARN_UNUSED_FUNCTION = YES;
				GCC_WARN_UNUSED_VARIABLE = YES;
				IPHONEOS_DEPLOYMENT_TARGET = 17.0;
				LOCALIZATION_PREFERS_STRING_CATALOGS = YES;
				MTL_ENABLE_DEBUG_INFO = INCLUDE_SOURCE;
				MTL_FAST_MATH = YES;
				ONLY_ACTIVE_ARCH = YES;
				SDKROOT = iphoneos;
				SWIFT_ACTIVE_COMPILATION_CONDITIONS = "DEBUG $(inherited)";
				SWIFT_OPTIMIZATION_LEVEL = "-Onone";
			};
			name = Debug;
		};
		285A4D9B2EEBBF2500278A0D /* Release */ = {
			isa = XCBuildConfiguration;
			buildSettings = {
				ALWAYS_SEARCH_USER_PATHS = NO;
				ASSETCATALOG_COMPILER_GENERATE_SWIFT_ASSET_SYMBOL_EXTENSIONS = YES;
				CLANG_ANALYZER_NONNULL = YES;
				CLANG_ANALYZER_NUMBER_OBJECT_CONVERSION = YES_AGGRESSIVE;
				CLANG_CXX_LANGUAGE_STANDARD = "gnu++20";
				CLANG_ENABLE_MODULES = YES;
				CLANG_ENABLE_OBJC_ARC = YES;
				CLANG_ENABLE_OBJC_WEAK = YES;
				CLANG_WARN_BLOCK_CAPTURE_AUTORELEASING = YES;
				CLANG_WARN_BOOL_CONVERSION = YES;
				CLANG_WARN_COMMA = YES;
				CLANG_WARN_CONSTANT_CONVERSION = YES;
				CLANG_WARN_DEPRECATED_OBJC_IMPLEMENTATIONS = YES;
				CLANG_WARN_DIRECT_OBJC_ISA_USAGE = YES_ERROR;
				CLANG_WARN_DOCUMENTATION_COMMENTS = YES;
				CLANG_WARN_EMPTY_BODY = YES;
				CLANG_WARN_ENUM_CONVERSION = YES;
				CLANG_WARN_INFINITE_RECURSION = YES;
				CLANG_WARN_INT_CONVERSION = YES;
				CLANG_WARN_NON_LITERAL_NULL_CONVERSION = YES;
				CLANG_WARN_OBJC_IMPLICIT_RETAIN_SELF = YES;
				CLANG_WARN_OBJC_LITERAL_CONVERSION = YES;
				CLANG_WARN_OBJC_ROOT_CLASS = YES_ERROR;
				CLANG_WARN_QUOTED_INCLUDE_IN_FRAMEWORK_HEADER = YES;
				CLANG_WARN_RANGE_LOOP_ANALYSIS = YES;
				CLANG_WARN_STRICT_PROTOTYPES = YES;
				CLANG_WARN_SUSPICIOUS_MOVE = YES;
				CLANG_WARN_UNGUARDED_AVAILABILITY = YES_AGGRESSIVE;
				CLANG_WARN_UNREACHABLE_CODE = YES;
				CLANG_WARN__DUPLICATE_METHOD_MATCH = YES;
				COPY_PHASE_STRIP = NO;
				DEBUG_INFORMATION_FORMAT = "dwarf-with-dsym";
				ENABLE_NS_ASSERTIONS = NO;
				ENABLE_STRICT_OBJC_MSGSEND = YES;
				ENABLE_USER_SCRIPT_SANDBOXING = YES;
				GCC_C_LANGUAGE_STANDARD = gnu17;
				GCC_NO_COMMON_BLOCKS = YES;
				GCC_WARN_64_TO_32_BIT_CONVERSION = YES;
				GCC_WARN_ABOUT_RETURN_TYPE = YES_ERROR;
				GCC_WARN_UNDECLARED_SELECTOR = YES;
				GCC_WARN_UNINITIALIZED_AUTOS = YES_AGGRESSIVE;
				GCC_WARN_UNUSED_FUNCTION = YES;
				GCC_WARN_UNUSED_VARIABLE = YES;
				IPHONEOS_DEPLOYMENT_TARGET = 17.0;
				LOCALIZATION_PREFERS_STRING_CATALOGS = YES;
				MTL_ENABLE_DEBUG_INFO = NO;
				MTL_FAST_MATH = YES;
				SDKROOT = iphoneos;
				SWIFT_COMPILATION_MODE = wholemodule;
				VALIDATE_PRODUCT = YES;
			};
			name = Release;
		};
		285A4D9D2EEBBF2500278A0D /* Debug */ = {
			isa = XCBuildConfiguration;
			buildSettings = {
				ASSETCATALOG_COMPILER_APPICON_NAME = AppIcon;
				ASSETCATALOG_COMPILER_GLOBAL_ACCENT_COLOR_NAME = AccentColor;
				CODE_SIGN_ENTITLEMENTS = ScamShield/ScamShield.entitlements;
				CODE_SIGN_STYLE = Automatic;
				CURRENT_PROJECT_VERSION = 1;
				ENABLE_PREVIEWS = YES;
				GENERATE_INFOPLIST_FILE = NO;
				INFOPLIST_FILE = "ScamShield-Info.plist";
				LD_RUNPATH_SEARCH_PATHS = (
					"$(inherited)",
					"@executable_path/Frameworks",
				);
				MARKETING_VERSION = 1.0;
				PRODUCT_BUNDLE_IDENTIFIER = com.scamshield.app;
				PRODUCT_NAME = "$(TARGET_NAME)";
				STRING_CATALOG_GENERATE_SYMBOLS = YES;
				SWIFT_EMIT_LOC_STRINGS = YES;
				SWIFT_VERSION = 5.0;
				TARGETED_DEVICE_FAMILY = "1,2";
			};
			name = Debug;
		};
		285A4D9E2EEBBF2500278A0D /* Release */ = {
			isa = XCBuildConfiguration;
			buildSettings = {
				ASSETCATALOG_COMPILER_APPICON_NAME = AppIcon;
				ASSETCATALOG_COMPILER_GLOBAL_ACCENT_COLOR_NAME = AccentColor;
				CODE_SIGN_ENTITLEMENTS = ScamShield/ScamShield.entitlements;
				CODE_SIGN_STYLE = Automatic;
				CURRENT_PROJECT_VERSION = 1;
				ENABLE_PREVIEWS = YES;
				GENERATE_INFOPLIST_FILE = NO;
				INFOPLIST_FILE = "ScamShield-Info.plist";
				LD_RUNPATH_SEARCH_PATHS = (
					"$(inherited)",
					"@executable_path/Frameworks",
				);
				MARKETING_VERSION = 1.0;
				PRODUCT_BUNDLE_IDENTIFIER = com.scamshield.app;
				PRODUCT_NAME = "$(TARGET_NAME)";
				STRING_CATALOG_GENERATE_SYMBOLS = YES;
				SWIFT_EMIT_LOC_STRINGS = YES;
				SWIFT_VERSION = 5.0;
				TARGETED_DEVICE_FAMILY = "1,2";
			};
			name = Release;
		};
		285A4DAB2EEBBF2500278A0D /* Debug */ = {
			isa = XCBuildConfiguration;
			buildSettings = {
				CODE_SIGN_ENTITLEMENTS = ScamShieldShare/ScamShieldShare.entitlements;
				CODE_SIGN_STYLE = Automatic;
				CURRENT_PROJECT_VERSION = 1;
				GENERATE_INFOPLIST_FILE = YES;
				INFOPLIST_FILE = ScamShieldShare/Info.plist;
				INFOPLIST_KEY_CFBundleDisplayName = "Scan for Scams";
				INFOPLIST_KEY_NSHumanReadableCopyright = "";
				LD_RUNPATH_SEARCH_PATHS = (
					"$(inherited)",
					"@executable_path/Frameworks",
					"@executable_path/../../Frameworks",
				);
				MARKETING_VERSION = 1.0;
				PRODUCT_BUNDLE_IDENTIFIER = com.scamshield.app.share;
				PRODUCT_NAME = "$(TARGET_NAME)";
				SKIP_INSTALL = YES;
				SWIFT_EMIT_LOC_STRINGS = YES;
				SWIFT_VERSION = 5.0;
				TARGETED_DEVICE_FAMILY = "1,2";
			};
			name = Debug;
		};
		285A4DAC2EEBBF2500278A0D /* Release */ = {
			isa = XCBuildConfiguration;
			buildSettings = {
				CODE_SIGN_ENTITLEMENTS = ScamShieldShare/ScamShieldShare.entitlements;
				CODE_SIGN_STYLE = Automatic;
				CURRENT_PROJECT_VERSION = 1;
				GENERATE_INFOPLIST_FILE = YES;
				INFOPLIST_FILE = ScamShieldShare/Info.plist;
				INFOPLIST_KEY_CFBundleDisplayName = "Scan for Scams";
				INFOPLIST_KEY_NSHumanReadableCopyright = "";
				LD_RUNPATH_SEARCH_PATHS = (
					"$(inherited)",
					"@executable_path/Frameworks",
					"@executable_path/../../Frameworks",
				);
				MARKETING_VERSION = 1.0;
				PRODUCT_BUNDLE_IDENTIFIER = com.scamshield.app.share;
				PRODUCT_NAME = "$(TARGET_NAME)";
				SKIP_INSTALL = YES;
				SWIFT_EMIT_LOC_STRINGS = YES;
				SWIFT_VERSION = 5.0;
				TARGETED_DEVICE_FAMILY = "1,2";
			};
			name = Release;
		};
		285A4DC52EECAA0000278A0D /* Debug */ = {
			isa = XCBuildConfiguration;
			buildSettings = {
				ASSETCATALOG_COMPILER_GLOBAL_ACCENT_COLOR_NAME = AccentColor;
				ASSETCATALOG_COMPILER_WIDGET_BACKGROUND_COLOR_NAME = WidgetBackground;
				CODE_SIGN_ENTITLEMENTS = ScamShieldWidget/ScamShieldWidget.entitlements;
				CODE_SIGN_STYLE = Automatic;
				CURRENT_PROJECT_VERSION = 1;
				GENERATE_INFOPLIST_FILE = YES;
				INFOPLIST_FILE = ScamShieldWidget/Info.plist;
				INFOPLIST_KEY_CFBundleDisplayName = "Scam Shield Widget";
				INFOPLIST_KEY_NSHumanReadableCopyright = "";
				LD_RUNPATH_SEARCH_PATHS = (
					"$(inherited)",
					"@executable_path/Frameworks",
					"@executable_path/../../Frameworks",
				);
				MARKETING_VERSION = 1.0;
				PRODUCT_BUNDLE_IDENTIFIER = com.scamshield.app.widget;
				PRODUCT_NAME = "$(TARGET_NAME)";
				SKIP_INSTALL = YES;
				SWIFT_EMIT_LOC_STRINGS = YES;
				SWIFT_VERSION = 5.0;
				TARGETED_DEVICE_FAMILY = "1,2";
			};
			name = Debug;
		};
		285A4DC62EECAA0000278A0D /* Release */ = {
			isa = XCBuildConfiguration;
			buildSettings = {
				ASSETCATALOG_COMPILER_GLOBAL_ACCENT_COLOR_NAME = AccentColor;
				ASSETCATALOG_COMPILER_WIDGET_BACKGROUND_COLOR_NAME = WidgetBackground;
				CODE_SIGN_ENTITLEMENTS = ScamShieldWidget/ScamShieldWidget.entitlements;
				CODE_SIGN_STYLE = Automatic;
				CURRENT_PROJECT_VERSION = 1;
				GENERATE_INFOPLIST_FILE = YES;
				INFOPLIST_FILE = ScamShieldWidget/Info.plist;
				INFOPLIST_KEY_CFBundleDisplayName = "Scam Shield Widget";
				INFOPLIST_KEY_NSHumanReadableCopyright = "";
				LD_RUNPATH_SEARCH_PATHS = (
					"$(inherited)",
					"@executable_path/Frameworks",
					"@executable_path/../../Frameworks",
				);
				MARKETING_VERSION = 1.0;
				PRODUCT_BUNDLE_IDENTIFIER = com.scamshield.app.widget;
				PRODUCT_NAME = "$(TARGET_NAME)";
				SKIP_INSTALL = YES;
				SWIFT_EMIT_LOC_STRINGS = YES;
				SWIFT_VERSION = 5.0;
				TARGETED_DEVICE_FAMILY = "1,2";
			};
			name = Release;
		};
/* End XCBuildConfiguration section */

/* Begin XCConfigurationList section */
		285A4D8C2EEBBF2300278A0D /* Build configuration list for PBXProject "ScamShield" */ = {
			isa = XCConfigurationList;
			buildConfigurations = (
				285A4D9A2EEBBF2500278A0D /* Debug */,
				285A4D9B2EEBBF2500278A0D /* Release */,
			);
			defaultConfigurationIsVisible = 0;
			defaultConfigurationName = Release;
		};
		285A4D9C2EEBBF2500278A0D /* Build configuration list for PBXNativeTarget "ScamShield" */ = {
			isa = XCConfigurationList;
			buildConfigurations = (
				285A4D9D2EEBBF2500278A0D /* Debug */,
				285A4D9E2EEBBF2500278A0D /* Release */,
			);
			defaultConfigurationIsVisible = 0;
			defaultConfigurationName = Release;
		};
		285A4DAD2EEBBF2500278A0D /* Build configuration list for PBXNativeTarget "ScamShieldShare" */ = {
			isa = XCConfigurationList;
			buildConfigurations = (
				285A4DAB2EEBBF2500278A0D /* Debug */,
				285A4DAC2EEBBF2500278A0D /* Release */,
			);
			defaultConfigurationIsVisible = 0;
			defaultConfigurationName = Release;
		};
		285A4DC42EECAA0000278A0D /* Build configuration list for PBXNativeTarget "ScamShieldWidgetExtension" */ = {
			isa = XCConfigurationList;
			buildConfigurations = (
				285A4DC52EECAA0000278A0D /* Debug */,
				285A4DC62EECAA0000278A0D /* Release */,
			);
			defaultConfigurationIsVisible = 0;
			defaultConfigurationName = Release;
		};
/* End XCConfigurationList section */
	};
	rootObject = 285A4D892EEBBF2300278A0D /* Project object */;
}
